// !$*UTF8*$!
{
	archiveVersion = 1;
	classes = {
	};
	objectVersion = 51;
	objects = {

/* Begin PBXBuildFile section */
		CE0DBFD2260E05D000ADBD18 /* PhotoListViewController.swift in Sources */ = {isa = PBXBuildFile; fileRef = CE0DBFD1260E05D000ADBD18 /* PhotoListViewController.swift */; };
		CE0DBFE2260E1D4800ADBD18 /* PhotoCollectionViewCell.swift in Sources */ = {isa = PBXBuildFile; fileRef = CE0DBFE1260E1D4800ADBD18 /* PhotoCollectionViewCell.swift */; };
		CE5051BA2611CE1A0091DC84 /* FaceBookService.swift in Sources */ = {isa = PBXBuildFile; fileRef = CE5051B92611CE1A0091DC84 /* FaceBookService.swift */; };
		CE5E65BA2615E224007226AE /* Extansion+UIImageView.swift in Sources */ = {isa = PBXBuildFile; fileRef = CE5E65B92615E224007226AE /* Extansion+UIImageView.swift */; };
		CE66A415260DF83000EC0A23 /* AppDelegate.swift in Sources */ = {isa = PBXBuildFile; fileRef = CE66A414260DF83000EC0A23 /* AppDelegate.swift */; };
		CE66A417260DF83000EC0A23 /* SceneDelegate.swift in Sources */ = {isa = PBXBuildFile; fileRef = CE66A416260DF83000EC0A23 /* SceneDelegate.swift */; };
		CE66A419260DF83000EC0A23 /* LoginViewController.swift in Sources */ = {isa = PBXBuildFile; fileRef = CE66A418260DF83000EC0A23 /* LoginViewController.swift */; };
		CE66A41C260DF83000EC0A23 /* Main.storyboard in Resources */ = {isa = PBXBuildFile; fileRef = CE66A41A260DF83000EC0A23 /* Main.storyboard */; };
		CE66A41E260DF83200EC0A23 /* Assets.xcassets in Resources */ = {isa = PBXBuildFile; fileRef = CE66A41D260DF83200EC0A23 /* Assets.xcassets */; };
		CE66A421260DF83200EC0A23 /* LaunchScreen.storyboard in Resources */ = {isa = PBXBuildFile; fileRef = CE66A41F260DF83200EC0A23 /* LaunchScreen.storyboard */; };
		CE8C3F7526149515000155C4 /* DetailViewController.swift in Sources */ = {isa = PBXBuildFile; fileRef = CE8C3F7426149515000155C4 /* DetailViewController.swift */; };
		CEB2C36B2611D9F30099C173 /* Models.swift in Sources */ = {isa = PBXBuildFile; fileRef = CEB2C36A2611D9F30099C173 /* Models.swift */; };
		EA9AFBFD497E79715BE1A0A0 /* Pods_TestPhotoFB.framework in Frameworks */ = {isa = PBXBuildFile; fileRef = 2604259C71B4DB5517447CAF /* Pods_TestPhotoFB.framework */; };
/* End PBXBuildFile section */

/* Begin PBXFileReference section */
		2604259C71B4DB5517447CAF /* Pods_TestPhotoFB.framework */ = {isa = PBXFileReference; explicitFileType = wrapper.framework; includeInIndex = 0; path = Pods_TestPhotoFB.framework; sourceTree = BUILT_PRODUCTS_DIR; };
		7F6C25804D84FE7FEA8BC701 /* Pods-TestPhotoFB.debug.xcconfig */ = {isa = PBXFileReference; includeInIndex = 1; lastKnownFileType = text.xcconfig; name = "Pods-TestPhotoFB.debug.xcconfig"; path = "Target Support Files/Pods-TestPhotoFB/Pods-TestPhotoFB.debug.xcconfig"; sourceTree = "<group>"; };
		CE0DBFD1260E05D000ADBD18 /* PhotoListViewController.swift */ = {isa = PBXFileReference; lastKnownFileType = sourcecode.swift; path = PhotoListViewController.swift; sourceTree = "<group>"; };
		CE0DBFE1260E1D4800ADBD18 /* PhotoCollectionViewCell.swift */ = {isa = PBXFileReference; lastKnownFileType = sourcecode.swift; path = PhotoCollectionViewCell.swift; sourceTree = "<group>"; };
		CE5051B92611CE1A0091DC84 /* FaceBookService.swift */ = {isa = PBXFileReference; lastKnownFileType = sourcecode.swift; path = FaceBookService.swift; sourceTree = "<group>"; };
		CE5E65B92615E224007226AE /* Extansion+UIImageView.swift */ = {isa = PBXFileReference; lastKnownFileType = sourcecode.swift; path = "Extansion+UIImageView.swift"; sourceTree = "<group>"; };
		CE66A411260DF83000EC0A23 /* TestPhotoFB.app */ = {isa = PBXFileReference; explicitFileType = wrapper.application; includeInIndex = 0; path = TestPhotoFB.app; sourceTree = BUILT_PRODUCTS_DIR; };
		CE66A414260DF83000EC0A23 /* AppDelegate.swift */ = {isa = PBXFileReference; lastKnownFileType = sourcecode.swift; path = AppDelegate.swift; sourceTree = "<group>"; };
		CE66A416260DF83000EC0A23 /* SceneDelegate.swift */ = {isa = PBXFileReference; lastKnownFileType = sourcecode.swift; path = SceneDelegate.swift; sourceTree = "<group>"; };
		CE66A418260DF83000EC0A23 /* LoginViewController.swift */ = {isa = PBXFileReference; lastKnownFileType = sourcecode.swift; path = LoginViewController.swift; sourceTree = "<group>"; };
		CE66A41B260DF83000EC0A23 /* Base */ = {isa = PBXFileReference; lastKnownFileType = file.storyboard; name = Base; path = Base.lproj/Main.storyboard; sourceTree = "<group>"; };
		CE66A41D260DF83200EC0A23 /* Assets.xcassets */ = {isa = PBXFileReference; lastKnownFileType = folder.assetcatalog; path = Assets.xcassets; sourceTree = "<group>"; };
		CE66A420260DF83200EC0A23 /* Base */ = {isa = PBXFileReference; lastKnownFileType = file.storyboard; name = Base; path = Base.lproj/LaunchScreen.storyboard; sourceTree = "<group>"; };
		CE66A422260DF83200EC0A23 /* Info.plist */ = {isa = PBXFileReference; lastKnownFileType = text.plist.xml; path = Info.plist; sourceTree = "<group>"; };
		CE66A429260DF84000EC0A23 /* TestPhotoFB.entitlements */ = {isa = PBXFileReference; lastKnownFileType = text.plist.entitlements; path = TestPhotoFB.entitlements; sourceTree = "<group>"; };
		CE8C3F7426149515000155C4 /* DetailViewController.swift */ = {isa = PBXFileReference; lastKnownFileType = sourcecode.swift; path = DetailViewController.swift; sourceTree = "<group>"; };
		CEB2C36A2611D9F30099C173 /* Models.swift */ = {isa = PBXFileReference; lastKnownFileType = sourcecode.swift; path = Models.swift; sourceTree = "<group>"; };
		EEEAB7697B7F59A0AD8E9AA8 /* Pods-TestPhotoFB.release.xcconfig */ = {isa = PBXFileReference; includeInIndex = 1; lastKnownFileType = text.xcconfig; name = "Pods-TestPhotoFB.release.xcconfig"; path = "Target Support Files/Pods-TestPhotoFB/Pods-TestPhotoFB.release.xcconfig"; sourceTree = "<group>"; };
/* End PBXFileReference section */

/* Begin PBXFrameworksBuildPhase section */
		CE66A40E260DF83000EC0A23 /* Frameworks */ = {
			isa = PBXFrameworksBuildPhase;
			buildActionMask = 2147483647;
			files = (
				EA9AFBFD497E79715BE1A0A0 /* Pods_TestPhotoFB.framework in Frameworks */,
			);
			runOnlyForDeploymentPostprocessing = 0;
		};
/* End PBXFrameworksBuildPhase section */

/* Begin PBXGroup section */
		0EF92021656C74076CD07BFD /* Pods */ = {
			isa = PBXGroup;
			children = (
				7F6C25804D84FE7FEA8BC701 /* Pods-TestPhotoFB.debug.xcconfig */,
				EEEAB7697B7F59A0AD8E9AA8 /* Pods-TestPhotoFB.release.xcconfig */,
			);
			path = Pods;
			sourceTree = "<group>";
		};
		CE0DBFDC260E1D0000ADBD18 /* ViewControllers */ = {
			isa = PBXGroup;
			children = (
				CE66A418260DF83000EC0A23 /* LoginViewController.swift */,
				CE0DBFD1260E05D000ADBD18 /* PhotoListViewController.swift */,
				CE8C3F7426149515000155C4 /* DetailViewController.swift */,
			);
			path = ViewControllers;
			sourceTree = "<group>";
		};
		CE0DBFE4260E1D5100ADBD18 /* Cells */ = {
			isa = PBXGroup;
			children = (
				CE0DBFE1260E1D4800ADBD18 /* PhotoCollectionViewCell.swift */,
			);
			path = Cells;
			sourceTree = "<group>";
		};
		CE1D25A2261336B3008D1656 /* Models */ = {
			isa = PBXGroup;
			children = (
				CEB2C36A2611D9F30099C173 /* Models.swift */,
			);
			path = Models;
			sourceTree = "<group>";
		};
		CE5051BC2611CE210091DC84 /* Networking */ = {
			isa = PBXGroup;
			children = (
				CE5051B92611CE1A0091DC84 /* FaceBookService.swift */,
			);
			path = Networking;
			sourceTree = "<group>";
		};
		CE5E65BC2615E22B007226AE /* Extansion */ = {
			isa = PBXGroup;
			children = (
				CE5E65B92615E224007226AE /* Extansion+UIImageView.swift */,
			);
			path = Extansion;
			sourceTree = "<group>";
		};
		CE66A408260DF83000EC0A23 = {
			isa = PBXGroup;
			children = (
				CE66A413260DF83000EC0A23 /* TestPhotoFB */,
				CE66A412260DF83000EC0A23 /* Products */,
				0EF92021656C74076CD07BFD /* Pods */,
				CEFE2B82B2A804273217E34D /* Frameworks */,
			);
			sourceTree = "<group>";
		};
		CE66A412260DF83000EC0A23 /* Products */ = {
			isa = PBXGroup;
			children = (
				CE66A411260DF83000EC0A23 /* TestPhotoFB.app */,
			);
			name = Products;
			sourceTree = "<group>";
		};
		CE66A413260DF83000EC0A23 /* TestPhotoFB */ = {
			isa = PBXGroup;
			children = (
				CE66A429260DF84000EC0A23 /* TestPhotoFB.entitlements */,
				CE66A414260DF83000EC0A23 /* AppDelegate.swift */,
				CE66A416260DF83000EC0A23 /* SceneDelegate.swift */,
				CE0DBFDC260E1D0000ADBD18 /* ViewControllers */,
				CE0DBFE4260E1D5100ADBD18 /* Cells */,
				CE1D25A2261336B3008D1656 /* Models */,
				CE5E65BC2615E22B007226AE /* Extansion */,
				CE5051BC2611CE210091DC84 /* Networking */,
				CE66A41A260DF83000EC0A23 /* Main.storyboard */,
				CE66A41D260DF83200EC0A23 /* Assets.xcassets */,
				CE66A41F260DF83200EC0A23 /* LaunchScreen.storyboard */,
				CE66A422260DF83200EC0A23 /* Info.plist */,
			);
			path = TestPhotoFB;
			sourceTree = "<group>";
		};
		CEFE2B82B2A804273217E34D /* Frameworks */ = {
			isa = PBXGroup;
			children = (
				2604259C71B4DB5517447CAF /* Pods_TestPhotoFB.framework */,
			);
			name = Frameworks;
			sourceTree = "<group>";
		};
/* End PBXGroup section */

/* Begin PBXNativeTarget section */
		CE66A410260DF83000EC0A23 /* TestPhotoFB */ = {
			isa = PBXNativeTarget;
			buildConfigurationList = CE66A425260DF83200EC0A23 /* Build configuration list for PBXNativeTarget "TestPhotoFB" */;
			buildPhases = (
				6CBE54176147059FF7F6BC9D /* [CP] Check Pods Manifest.lock */,
				CE66A40D260DF83000EC0A23 /* Sources */,
				CE66A40E260DF83000EC0A23 /* Frameworks */,
				CE66A40F260DF83000EC0A23 /* Resources */,
				A511A8E23E962C365BA0CF02 /* [CP] Embed Pods Frameworks */,
			);
			buildRules = (
			);
			dependencies = (
			);
			name = TestPhotoFB;
			productName = TestPhotoFB;
			productReference = CE66A411260DF83000EC0A23 /* TestPhotoFB.app */;
			productType = "com.apple.product-type.application";
		};
/* End PBXNativeTarget section */

/* Begin PBXProject section */
		CE66A409260DF83000EC0A23 /* Project object */ = {
			isa = PBXProject;
			attributes = {
				LastSwiftUpdateCheck = 1240;
				LastUpgradeCheck = 1240;
				TargetAttributes = {
					CE66A410260DF83000EC0A23 = {
						CreatedOnToolsVersion = 12.4;
					};
				};
			};
			buildConfigurationList = CE66A40C260DF83000EC0A23 /* Build configuration list for PBXProject "TestPhotoFB" */;
			compatibilityVersion = "Xcode 9.3";
			developmentRegion = en;
			hasScannedForEncodings = 0;
			knownRegions = (
				en,
				Base,
			);
			mainGroup = CE66A408260DF83000EC0A23;
			productRefGroup = CE66A412260DF83000EC0A23 /* Products */;
			projectDirPath = "";
			projectRoot = "";
			targets = (
				CE66A410260DF83000EC0A23 /* TestPhotoFB */,
			);
		};
/* End PBXProject section */

/* Begin PBXResourcesBuildPhase section */
		CE66A40F260DF83000EC0A23 /* Resources */ = {
			isa = PBXResourcesBuildPhase;
			buildActionMask = 2147483647;
			files = (
				CE66A421260DF83200EC0A23 /* LaunchScreen.storyboard in Resources */,
				CE66A41E260DF83200EC0A23 /* Assets.xcassets in Resources */,
				CE66A41C260DF83000EC0A23 /* Main.storyboard in Resources */,
			);
			runOnlyForDeploymentPostprocessing = 0;
		};
/* End PBXResourcesBuildPhase section */

/* Begin PBXShellScriptBuildPhase section */
		6CBE54176147059FF7F6BC9D /* [CP] Check Pods Manifest.lock */ = {
			isa = PBXShellScriptBuildPhase;
			buildActionMask = 2147483647;
			files = (
			);
			inputFileListPaths = (
			);
			inputPaths = (
				"${PODS_PODFILE_DIR_PATH}/Podfile.lock",
				"${PODS_ROOT}/Manifest.lock",
			);
			name = "[CP] Check Pods Manifest.lock";
			outputFileListPaths = (
			);
			outputPaths = (
				"$(DERIVED_FILE_DIR)/Pods-TestPhotoFB-checkManifestLockResult.txt",
			);
			runOnlyForDeploymentPostprocessing = 0;
			shellPath = /bin/sh;
			shellScript = "diff \"${PODS_PODFILE_DIR_PATH}/Podfile.lock\" \"${PODS_ROOT}/Manifest.lock\" > /dev/null\nif [ $? != 0 ] ; then\n    # print error to STDERR\n    echo \"error: The sandbox is not in sync with the Podfile.lock. Run 'pod install' or update your CocoaPods installation.\" >&2\n    exit 1\nfi\n# This output is used by Xcode 'outputs' to avoid re-running this script phase.\necho \"SUCCESS\" > \"${SCRIPT_OUTPUT_FILE_0}\"\n";
			showEnvVarsInLog = 0;
		};
		A511A8E23E962C365BA0CF02 /* [CP] Embed Pods Frameworks */ = {
			isa = PBXShellScriptBuildPhase;
			buildActionMask = 2147483647;
			files = (
			);
			inputFileListPaths = (
				"${PODS_ROOT}/Target Support Files/Pods-TestPhotoFB/Pods-TestPhotoFB-frameworks-${CONFIGURATION}-input-files.xcfilelist",
			);
			name = "[CP] Embed Pods Frameworks";
			outputFileListPaths = (
				"${PODS_ROOT}/Target Support Files/Pods-TestPhotoFB/Pods-TestPhotoFB-frameworks-${CONFIGURATION}-output-files.xcfilelist",
			);
			runOnlyForDeploymentPostprocessing = 0;
			shellPath = /bin/sh;
			shellScript = "\"${PODS_ROOT}/Target Support Files/Pods-TestPhotoFB/Pods-TestPhotoFB-frameworks.sh\"\n";
			showEnvVarsInLog = 0;
		};
/* End PBXShellScriptBuildPhase section */

/* Begin PBXSourcesBuildPhase section */
		CE66A40D260DF83000EC0A23 /* Sources */ = {
			isa = PBXSourcesBuildPhase;
			buildActionMask = 2147483647;
			files = (
				CE66A419260DF83000EC0A23 /* LoginViewController.swift in Sources */,
				CE0DBFD2260E05D000ADBD18 /* PhotoListViewController.swift in Sources */,
				CEB2C36B2611D9F30099C173 /* Models.swift in Sources */,
				CE66A415260DF83000EC0A23 /* AppDelegate.swift in Sources */,
				CE66A417260DF83000EC0A23 /* SceneDelegate.swift in Sources */,
				CE0DBFE2260E1D4800ADBD18 /* PhotoCollectionViewCell.swift in Sources */,
				CE5051BA2611CE1A0091DC84 /* FaceBookService.swift in Sources */,
				CE5E65BA2615E224007226AE /* Extansion+UIImageView.swift in Sources */,
				CE8C3F7526149515000155C4 /* DetailViewController.swift in Sources */,
			);
			runOnlyForDeploymentPostprocessing = 0;
		};
/* End PBXSourcesBuildPhase section */

/* Begin PBXVariantGroup section */
		CE66A41A260DF83000EC0A23 /* Main.storyboard */ = {
			isa = PBXVariantGroup;
			children = (
				CE66A41B260DF83000EC0A23 /* Base */,
			);
			name = Main.storyboard;
			sourceTree = "<group>";
		};
		CE66A41F260DF83200EC0A23 /* LaunchScreen.storyboard */ = {
			isa = PBXVariantGroup;
			children = (
				CE66A420260DF83200EC0A23 /* Base */,
			);
			name = LaunchScreen.storyboard;
			sourceTree = "<group>";
		};
/* End PBXVariantGroup section */

/* Begin XCBuildConfiguration section */
		CE66A423260DF83200EC0A23 /* Debug */ = {
			isa = XCBuildConfiguration;
			buildSettings = {
				ALWAYS_SEARCH_USER_PATHS = NO;
				CLANG_ANALYZER_NONNULL = YES;
				CLANG_ANALYZER_NUMBER_OBJECT_CONVERSION = YES_AGGRESSIVE;
				CLANG_CXX_LANGUAGE_STANDARD = "gnu++14";
				CLANG_CXX_LIBRARY = "libc++";
				CLANG_ENABLE_MODULES = YES;
				CLANG_ENABLE_OBJC_ARC = YES;
				CLANG_ENABLE_OBJC_WEAK = YES;
				CLANG_WARN_BLOCK_CAPTURE_AUTORELEASING = YES;
				CLANG_WARN_BOOL_CONVERSION = YES;
				CLANG_WARN_COMMA = YES;
				CLANG_WARN_CONSTANT_CONVERSION = YES;
				CLANG_WARN_DEPRECATED_OBJC_IMPLEMENTATIONS = YES;
				CLANG_WARN_DIRECT_OBJC_ISA_USAGE = YES_ERROR;
				CLANG_WARN_DOCUMENTATION_COMMENTS = YES;
				CLANG_WARN_EMPTY_BODY = YES;
				CLANG_WARN_ENUM_CONVERSION = YES;
				CLANG_WARN_INFINITE_RECURSION = YES;
				CLANG_WARN_INT_CONVERSION = YES;
				CLANG_WARN_NON_LITERAL_NULL_CONVERSION = YES;
				CLANG_WARN_OBJC_IMPLICIT_RETAIN_SELF = YES;
				CLANG_WARN_OBJC_LITERAL_CONVERSION = YES;
				CLANG_WARN_OBJC_ROOT_CLASS = YES_ERROR;
				CLANG_WARN_QUOTED_INCLUDE_IN_FRAMEWORK_HEADER = YES;
				CLANG_WARN_RANGE_LOOP_ANALYSIS = YES;
				CLANG_WARN_STRICT_PROTOTYPES = YES;
				CLANG_WARN_SUSPICIOUS_MOVE = YES;
				CLANG_WARN_UNGUARDED_AVAILABILITY = YES_AGGRESSIVE;
				CLANG_WARN_UNREACHABLE_CODE = YES;
				CLANG_WARN__DUPLICATE_METHOD_MATCH = YES;
				COPY_PHASE_STRIP = NO;
				DEBUG_INFORMATION_FORMAT = dwarf;
				ENABLE_STRICT_OBJC_MSGSEND = YES;
				ENABLE_TESTABILITY = YES;
				GCC_C_LANGUAGE_STANDARD = gnu11;
				GCC_DYNAMIC_NO_PIC = NO;
				GCC_NO_COMMON_BLOCKS = YES;
				GCC_OPTIMIZATION_LEVEL = 0;
				GCC_PREPROCESSOR_DEFINITIONS = (
					"DEBUG=1",
					"$(inherited)",
				);
				GCC_WARN_64_TO_32_BIT_CONVERSION = YES;
				GCC_WARN_ABOUT_RETURN_TYPE = YES_ERROR;
				GCC_WARN_UNDECLARED_SELECTOR = YES;
				GCC_WARN_UNINITIALIZED_AUTOS = YES_AGGRESSIVE;
				GCC_WARN_UNUSED_FUNCTION = YES;
				GCC_WARN_UNUSED_VARIABLE = YES;
				IPHONEOS_DEPLOYMENT_TARGET = 14.4;
				MTL_ENABLE_DEBUG_INFO = INCLUDE_SOURCE;
				MTL_FAST_MATH = YES;
				ONLY_ACTIVE_ARCH = YES;
				SDKROOT = iphoneos;
				SWIFT_ACTIVE_COMPILATION_CONDITIONS = DEBUG;
				SWIFT_OPTIMIZATION_LEVEL = "-Onone";
			};
			name = Debug;
		};
		CE66A424260DF83200EC0A23 /* Release */ = {
			isa = XCBuildConfiguration;
			buildSettings = {
				ALWAYS_SEARCH_USER_PATHS = NO;
				CLANG_ANALYZER_NONNULL = YES;
				CLANG_ANALYZER_NUMBER_OBJECT_CONVERSION = YES_AGGRESSIVE;
				CLANG_CXX_LANGUAGE_STANDARD = "gnu++14";
				CLANG_CXX_LIBRARY = "libc++";
				CLANG_ENABLE_MODULES = YES;
				CLANG_ENABLE_OBJC_ARC = YES;
				CLANG_ENABLE_OBJC_WEAK = YES;
				CLANG_WARN_BLOCK_CAPTURE_AUTORELEASING = YES;
				CLANG_WARN_BOOL_CONVERSION = YES;
				CLANG_WARN_COMMA = YES;
				CLANG_WARN_CONSTANT_CONVERSION = YES;
				CLANG_WARN_DEPRECATED_OBJC_IMPLEMENTATIONS = YES;
				CLANG_WARN_DIRECT_OBJC_ISA_USAGE = YES_ERROR;
				CLANG_WARN_DOCUMENTATION_COMMENTS = YES;
				CLANG_WARN_EMPTY_BODY = YES;
				CLANG_WARN_ENUM_CONVERSION = YES;
				CLANG_WARN_INFINITE_RECURSION = YES;
				CLANG_WARN_INT_CONVERSION = YES;
				CLANG_WARN_NON_LITERAL_NULL_CONVERSION = YES;
				CLANG_WARN_OBJC_IMPLICIT_RETAIN_SELF = YES;
				CLANG_WARN_OBJC_LITERAL_CONVERSION = YES;
				CLANG_WARN_OBJC_ROOT_CLASS = YES_ERROR;
				CLANG_WARN_QUOTED_INCLUDE_IN_FRAMEWORK_HEADER = YES;
				CLANG_WARN_RANGE_LOOP_ANALYSIS = YES;
				CLANG_WARN_STRICT_PROTOTYPES = YES;
				CLANG_WARN_SUSPICIOUS_MOVE = YES;
				CLANG_WARN_UNGUARDED_AVAILABILITY = YES_AGGRESSIVE;
				CLANG_WARN_UNREACHABLE_CODE = YES;
				CLANG_WARN__DUPLICATE_METHOD_MATCH = YES;
				COPY_PHASE_STRIP = NO;
				DEBUG_INFORMATION_FORMAT = "dwarf-with-dsym";
				ENABLE_NS_ASSERTIONS = NO;
				ENABLE_STRICT_OBJC_MSGSEND = YES;
				GCC_C_LANGUAGE_STANDARD = gnu11;
				GCC_NO_COMMON_BLOCKS = YES;
				GCC_WARN_64_TO_32_BIT_CONVERSION = YES;
				GCC_WARN_ABOUT_RETURN_TYPE = YES_ERROR;
				GCC_WARN_UNDECLARED_SELECTOR = YES;
				GCC_WARN_UNINITIALIZED_AUTOS = YES_AGGRESSIVE;
				GCC_WARN_UNUSED_FUNCTION = YES;
				GCC_WARN_UNUSED_VARIABLE = YES;
				IPHONEOS_DEPLOYMENT_TARGET = 14.4;
				MTL_ENABLE_DEBUG_INFO = NO;
				MTL_FAST_MATH = YES;
				SDKROOT = iphoneos;
				SWIFT_COMPILATION_MODE = wholemodule;
				SWIFT_OPTIMIZATION_LEVEL = "-O";
				VALIDATE_PRODUCT = YES;
			};
			name = Release;
		};
		CE66A426260DF83200EC0A23 /* Debug */ = {
			isa = XCBuildConfiguration;
			baseConfigurationReference = 7F6C25804D84FE7FEA8BC701 /* Pods-TestPhotoFB.debug.xcconfig */;
			buildSettings = {
				ASSETCATALOG_COMPILER_APPICON_NAME = AppIcon;
				ASSETCATALOG_COMPILER_GLOBAL_ACCENT_COLOR_NAME = AccentColor;
				CODE_SIGN_ENTITLEMENTS = TestPhotoFB/TestPhotoFB.entitlements;
				CODE_SIGN_STYLE = Automatic;
				DEVELOPMENT_TEAM = K7W4FWJB2H;
				INFOPLIST_FILE = TestPhotoFB/Info.plist;
				LD_RUNPATH_SEARCH_PATHS = (
					"$(inherited)",
					"@executable_path/Frameworks",
				);
				PRODUCT_BUNDLE_IDENTIFIER = sad.organization.TestPhotoFB;
				PRODUCT_NAME = "$(TARGET_NAME)";
				SWIFT_VERSION = 5.0;
				TARGETED_DEVICE_FAMILY = "1,2";
			};
			name = Debug;
		};
		CE66A427260DF83200EC0A23 /* Release */ = {
			isa = XCBuildConfiguration;
			baseConfigurationReference = EEEAB7697B7F59A0AD8E9AA8 /* Pods-TestPhotoFB.release.xcconfig */;
			buildSettings = {
				ASSETCATALOG_COMPILER_APPICON_NAME = AppIcon;
				ASSETCATALOG_COMPILER_GLOBAL_ACCENT_COLOR_NAME = AccentColor;
				CODE_SIGN_ENTITLEMENTS = TestPhotoFB/TestPhotoFB.entitlements;
				CODE_SIGN_STYLE = Automatic;
				DEVELOPMENT_TEAM = K7W4FWJB2H;
				INFOPLIST_FILE = TestPhotoFB/Info.plist;
				LD_RUNPATH_SEARCH_PATHS = (
					"$(inherited)",
					"@executable_path/Frameworks",
				);
				PRODUCT_BUNDLE_IDENTIFIER = sad.organization.TestPhotoFB;
				PRODUCT_NAME = "$(TARGET_NAME)";
				SWIFT_VERSION = 5.0;
				TARGETED_DEVICE_FAMILY = "1,2";
			};
			name = Release;
		};
/* End XCBuildConfiguration section */

/* Begin XCConfigurationList section */
		CE66A40C260DF83000EC0A23 /* Build configuration list for PBXProject "TestPhotoFB" */ = {
			isa = XCConfigurationList;
			buildConfigurations = (
				CE66A423260DF83200EC0A23 /* Debug */,
				CE66A424260DF83200EC0A23 /* Release */,
			);
			defaultConfigurationIsVisible = 0;
			defaultConfigurationName = Release;
		};
		CE66A425260DF83200EC0A23 /* Build configuration list for PBXNativeTarget "TestPhotoFB" */ = {
			isa = XCConfigurationList;
			buildConfigurations = (
				CE66A426260DF83200EC0A23 /* Debug */,
				CE66A427260DF83200EC0A23 /* Release */,
			);
			defaultConfigurationIsVisible = 0;
			defaultConfigurationName = Release;
		};
/* End XCConfigurationList section */
	};
	rootObject = CE66A409260DF83000EC0A23 /* Project object */;
}
